// !$*UTF8*$!
{
	archiveVersion = 1;
	classes = {
	};
	objectVersion = 56;
	objects = {

/* Begin PBXBuildFile section */
		7F0276882C9C5F4800A6F792 /* Color.swift in Sources */ = {isa = PBXBuildFile; fileRef = 7F0276872C9C5F4800A6F792 /* Color.swift */; };
		7F0B94AF2CA2F31100825646 /* DirectionsView.swift in Sources */ = {isa = PBXBuildFile; fileRef = 7F0B94AE2CA2F31100825646 /* DirectionsView.swift */; };
		7F0B94B12CA2F81200825646 /* RecipeSourceView.swift in Sources */ = {isa = PBXBuildFile; fileRef = 7F0B94B02CA2F81200825646 /* RecipeSourceView.swift */; };
		7F1F2FD72C7660FA00EF957C /* MealRecipeModel.swift in Sources */ = {isa = PBXBuildFile; fileRef = 7F1F2FD62C7660FA00EF957C /* MealRecipeModel.swift */; };
		7F1F2FD92C7661AE00EF957C /* FetchMealsByCatUseCase.swift in Sources */ = {isa = PBXBuildFile; fileRef = 7F1F2FD82C7661AE00EF957C /* FetchMealsByCatUseCase.swift */; };
		7F1F2FDB2C76625D00EF957C /* MealsByCategoryRepo.swift in Sources */ = {isa = PBXBuildFile; fileRef = 7F1F2FDA2C76625D00EF957C /* MealsByCategoryRepo.swift */; };
		7F1F2FDD2C76644B00EF957C /* MealByCategoryViewModel.swift in Sources */ = {isa = PBXBuildFile; fileRef = 7F1F2FDC2C76644B00EF957C /* MealByCategoryViewModel.swift */; };
		7F3353982C64F432009B3D70 /* MealCategoryRepo.swift in Sources */ = {isa = PBXBuildFile; fileRef = 7F3353972C64F432009B3D70 /* MealCategoryRepo.swift */; };
		7F421B892CA1A09B003F2C82 /* RecipeDetailScreen.swift in Sources */ = {isa = PBXBuildFile; fileRef = 7F421B882CA1A09B003F2C82 /* RecipeDetailScreen.swift */; };
		7F421B8B2CA1A417003F2C82 /* IngredientsView.swift in Sources */ = {isa = PBXBuildFile; fileRef = 7F421B8A2CA1A417003F2C82 /* IngredientsView.swift */; };
		7F4318072CDE42B30025493B /* ImageDownloader.swift in Sources */ = {isa = PBXBuildFile; fileRef = 7F4318062CDE42B30025493B /* ImageDownloader.swift */; };
		7F4FCB3A2C6548E300FC3551 /* FetchMealsUseCase.swift in Sources */ = {isa = PBXBuildFile; fileRef = 7F4FCB392C6548E300FC3551 /* FetchMealsUseCase.swift */; };
		7F4FCB3C2C6548F500FC3551 /* FetchMealsUseCaseImp.swift in Sources */ = {isa = PBXBuildFile; fileRef = 7F4FCB3B2C6548F500FC3551 /* FetchMealsUseCaseImp.swift */; };
		7F63936F2C6145AC00947A52 /* ApiError.swift in Sources */ = {isa = PBXBuildFile; fileRef = 7F63936E2C6145AC00947A52 /* ApiError.swift */; };
		7F82A0992C67E862004A1DA9 /* MealCategoryRepoImpl.swift in Sources */ = {isa = PBXBuildFile; fileRef = 7F82A0982C67E862004A1DA9 /* MealCategoryRepoImpl.swift */; };
		7F82A0A52C67E95F004A1DA9 /* NetworkServiceRepo.swift in Sources */ = {isa = PBXBuildFile; fileRef = 7F82A0A42C67E95F004A1DA9 /* NetworkServiceRepo.swift */; };
		7F82E1552C6D325B0030A346 /* MealColumnView.swift in Sources */ = {isa = PBXBuildFile; fileRef = 7F82E1542C6D325B0030A346 /* MealColumnView.swift */; };
		7F82E1572C6D32F20030A346 /* MealsGridScreen.swift in Sources */ = {isa = PBXBuildFile; fileRef = 7F82E1562C6D32F20030A346 /* MealsGridScreen.swift */; };
		7FDAD59D2C5E65FE0091C55F /* NiceMealsApp.swift in Sources */ = {isa = PBXBuildFile; fileRef = 7FDAD59C2C5E65FE0091C55F /* NiceMealsApp.swift */; };
		7FDAD59F2C5E65FE0091C55F /* ContentView.swift in Sources */ = {isa = PBXBuildFile; fileRef = 7FDAD59E2C5E65FE0091C55F /* ContentView.swift */; };
		7FDAD5A12C5E65FE0091C55F /* Item.swift in Sources */ = {isa = PBXBuildFile; fileRef = 7FDAD5A02C5E65FE0091C55F /* Item.swift */; };
		7FDAD5A32C5E65FF0091C55F /* Assets.xcassets in Resources */ = {isa = PBXBuildFile; fileRef = 7FDAD5A22C5E65FF0091C55F /* Assets.xcassets */; };
		7FDAD5A62C5E65FF0091C55F /* Preview Assets.xcassets in Resources */ = {isa = PBXBuildFile; fileRef = 7FDAD5A52C5E65FF0091C55F /* Preview Assets.xcassets */; };
		7FDAD5AD2C5E66BB0091C55F /* CategoryRowView.swift in Sources */ = {isa = PBXBuildFile; fileRef = 7FDAD5AC2C5E66BB0091C55F /* CategoryRowView.swift */; };
		7FDAD5AF2C5E6A170091C55F /* CategoryListScreen.swift in Sources */ = {isa = PBXBuildFile; fileRef = 7FDAD5AE2C5E6A170091C55F /* CategoryListScreen.swift */; };
		7FDAD5B12C5E6EEC0091C55F /* MealCategoryModel.swift in Sources */ = {isa = PBXBuildFile; fileRef = 7FDAD5B02C5E6EEC0091C55F /* MealCategoryModel.swift */; };
		7FDAD5B32C5E70570091C55F /* NetworkServiceImpl.swift in Sources */ = {isa = PBXBuildFile; fileRef = 7FDAD5B22C5E70570091C55F /* NetworkServiceImpl.swift */; };
		7FF977CE2C6006760062B1F2 /* MealCategoryViewModel.swift in Sources */ = {isa = PBXBuildFile; fileRef = 7FF977CD2C6006760062B1F2 /* MealCategoryViewModel.swift */; };
		7FFA97962CDF8D9A00D18374 /* Constants.swift in Sources */ = {isa = PBXBuildFile; fileRef = 7FFA97952CDF8D9A00D18374 /* Constants.swift */; };
/* End PBXBuildFile section */

/* Begin PBXFileReference section */
		7F0276872C9C5F4800A6F792 /* Color.swift */ = {isa = PBXFileReference; lastKnownFileType = sourcecode.swift; path = Color.swift; sourceTree = "<group>"; };
		7F0B94AE2CA2F31100825646 /* DirectionsView.swift */ = {isa = PBXFileReference; lastKnownFileType = sourcecode.swift; path = DirectionsView.swift; sourceTree = "<group>"; };
		7F0B94B02CA2F81200825646 /* RecipeSourceView.swift */ = {isa = PBXFileReference; lastKnownFileType = sourcecode.swift; path = RecipeSourceView.swift; sourceTree = "<group>"; };
		7F1F2FD62C7660FA00EF957C /* MealRecipeModel.swift */ = {isa = PBXFileReference; lastKnownFileType = sourcecode.swift; path = MealRecipeModel.swift; sourceTree = "<group>"; };
		7F1F2FD82C7661AE00EF957C /* FetchMealsByCatUseCase.swift */ = {isa = PBXFileReference; lastKnownFileType = sourcecode.swift; path = FetchMealsByCatUseCase.swift; sourceTree = "<group>"; };
		7F1F2FDA2C76625D00EF957C /* MealsByCategoryRepo.swift */ = {isa = PBXFileReference; lastKnownFileType = sourcecode.swift; path = MealsByCategoryRepo.swift; sourceTree = "<group>"; };
		7F1F2FDC2C76644B00EF957C /* MealByCategoryViewModel.swift */ = {isa = PBXFileReference; lastKnownFileType = sourcecode.swift; path = MealByCategoryViewModel.swift; sourceTree = "<group>"; };
		7F3353972C64F432009B3D70 /* MealCategoryRepo.swift */ = {isa = PBXFileReference; lastKnownFileType = sourcecode.swift; path = MealCategoryRepo.swift; sourceTree = "<group>"; };
		7F421B882CA1A09B003F2C82 /* RecipeDetailScreen.swift */ = {isa = PBXFileReference; lastKnownFileType = sourcecode.swift; path = RecipeDetailScreen.swift; sourceTree = "<group>"; };
		7F421B8A2CA1A417003F2C82 /* IngredientsView.swift */ = {isa = PBXFileReference; lastKnownFileType = sourcecode.swift; path = IngredientsView.swift; sourceTree = "<group>"; };
		7F4318062CDE42B30025493B /* ImageDownloader.swift */ = {isa = PBXFileReference; lastKnownFileType = sourcecode.swift; path = ImageDownloader.swift; sourceTree = "<group>"; };
		7F4FCB392C6548E300FC3551 /* FetchMealsUseCase.swift */ = {isa = PBXFileReference; lastKnownFileType = sourcecode.swift; path = FetchMealsUseCase.swift; sourceTree = "<group>"; };
		7F4FCB3B2C6548F500FC3551 /* FetchMealsUseCaseImp.swift */ = {isa = PBXFileReference; lastKnownFileType = sourcecode.swift; path = FetchMealsUseCaseImp.swift; sourceTree = "<group>"; };
		7F63936E2C6145AC00947A52 /* ApiError.swift */ = {isa = PBXFileReference; lastKnownFileType = sourcecode.swift; path = ApiError.swift; sourceTree = "<group>"; };
		7F82A0982C67E862004A1DA9 /* MealCategoryRepoImpl.swift */ = {isa = PBXFileReference; lastKnownFileType = sourcecode.swift; path = MealCategoryRepoImpl.swift; sourceTree = "<group>"; };
		7F82A0A42C67E95F004A1DA9 /* NetworkServiceRepo.swift */ = {isa = PBXFileReference; lastKnownFileType = sourcecode.swift; path = NetworkServiceRepo.swift; sourceTree = "<group>"; };
		7F82E1542C6D325B0030A346 /* MealColumnView.swift */ = {isa = PBXFileReference; lastKnownFileType = sourcecode.swift; path = MealColumnView.swift; sourceTree = "<group>"; };
		7F82E1562C6D32F20030A346 /* MealsGridScreen.swift */ = {isa = PBXFileReference; lastKnownFileType = sourcecode.swift; path = MealsGridScreen.swift; sourceTree = "<group>"; };
		7FDAD5992C5E65FE0091C55F /* NiceMeals.app */ = {isa = PBXFileReference; explicitFileType = wrapper.application; includeInIndex = 0; path = NiceMeals.app; sourceTree = BUILT_PRODUCTS_DIR; };
		7FDAD59C2C5E65FE0091C55F /* NiceMealsApp.swift */ = {isa = PBXFileReference; lastKnownFileType = sourcecode.swift; path = NiceMealsApp.swift; sourceTree = "<group>"; };
		7FDAD59E2C5E65FE0091C55F /* ContentView.swift */ = {isa = PBXFileReference; lastKnownFileType = sourcecode.swift; path = ContentView.swift; sourceTree = "<group>"; };
		7FDAD5A02C5E65FE0091C55F /* Item.swift */ = {isa = PBXFileReference; lastKnownFileType = sourcecode.swift; path = Item.swift; sourceTree = "<group>"; };
		7FDAD5A22C5E65FF0091C55F /* Assets.xcassets */ = {isa = PBXFileReference; lastKnownFileType = folder.assetcatalog; path = Assets.xcassets; sourceTree = "<group>"; };
		7FDAD5A52C5E65FF0091C55F /* Preview Assets.xcassets */ = {isa = PBXFileReference; lastKnownFileType = folder.assetcatalog; path = "Preview Assets.xcassets"; sourceTree = "<group>"; };
		7FDAD5AC2C5E66BB0091C55F /* CategoryRowView.swift */ = {isa = PBXFileReference; lastKnownFileType = sourcecode.swift; path = CategoryRowView.swift; sourceTree = "<group>"; };
		7FDAD5AE2C5E6A170091C55F /* CategoryListScreen.swift */ = {isa = PBXFileReference; lastKnownFileType = sourcecode.swift; path = CategoryListScreen.swift; sourceTree = "<group>"; };
		7FDAD5B02C5E6EEC0091C55F /* MealCategoryModel.swift */ = {isa = PBXFileReference; lastKnownFileType = sourcecode.swift; path = MealCategoryModel.swift; sourceTree = "<group>"; };
		7FDAD5B22C5E70570091C55F /* NetworkServiceImpl.swift */ = {isa = PBXFileReference; lastKnownFileType = sourcecode.swift; path = NetworkServiceImpl.swift; sourceTree = "<group>"; };
		7FF977CD2C6006760062B1F2 /* MealCategoryViewModel.swift */ = {isa = PBXFileReference; lastKnownFileType = sourcecode.swift; path = MealCategoryViewModel.swift; sourceTree = "<group>"; };
		7FFA97952CDF8D9A00D18374 /* Constants.swift */ = {isa = PBXFileReference; lastKnownFileType = sourcecode.swift; path = Constants.swift; sourceTree = "<group>"; };
/* End PBXFileReference section */

/* Begin PBXFrameworksBuildPhase section */
		7FDAD5962C5E65FE0091C55F /* Frameworks */ = {
			isa = PBXFrameworksBuildPhase;
			buildActionMask = 2147483647;
			files = (
			);
			runOnlyForDeploymentPostprocessing = 0;
		};
/* End PBXFrameworksBuildPhase section */

/* Begin PBXGroup section */
		7F0276892C9C608A00A6F792 /* Presentation */ = {
			isa = PBXGroup;
			children = (
				7F82E1542C6D325B0030A346 /* MealColumnView.swift */,
				7F82E1562C6D32F20030A346 /* MealsGridScreen.swift */,
				7F1F2FDC2C76644B00EF957C /* MealByCategoryViewModel.swift */,
			);
			path = Presentation;
			sourceTree = "<group>";
		};
		7F02768A2C9C609300A6F792 /* Domain */ = {
			isa = PBXGroup;
			children = (
				7F1F2FD82C7661AE00EF957C /* FetchMealsByCatUseCase.swift */,
			);
			path = Domain;
			sourceTree = "<group>";
		};
		7F02768B2C9C609C00A6F792 /* Data */ = {
			isa = PBXGroup;
			children = (
				7F1F2FDA2C76625D00EF957C /* MealsByCategoryRepo.swift */,
			);
			path = Data;
			sourceTree = "<group>";
		};
		7F099BFC2CE380AA004B392F /* Presentation */ = {
			isa = PBXGroup;
			children = (
				7F421B882CA1A09B003F2C82 /* RecipeDetailScreen.swift */,
				7F421B8A2CA1A417003F2C82 /* IngredientsView.swift */,
				7F0B94AE2CA2F31100825646 /* DirectionsView.swift */,
				7F0B94B02CA2F81200825646 /* RecipeSourceView.swift */,
			);
			path = Presentation;
			sourceTree = "<group>";
		};
		7F82A09A2C67E870004A1DA9 /* UseCases */ = {
			isa = PBXGroup;
			children = (
				7F4FCB392C6548E300FC3551 /* FetchMealsUseCase.swift */,
				7F4FCB3B2C6548F500FC3551 /* FetchMealsUseCaseImp.swift */,
			);
			path = UseCases;
			sourceTree = "<group>";
		};
		7F82A09B2C67E87B004A1DA9 /* Domain */ = {
			isa = PBXGroup;
			children = (
				7F82A09F2C67E8D4004A1DA9 /* Interfaces */,
				7F82A09A2C67E870004A1DA9 /* UseCases */,
			);
			path = Domain;
			sourceTree = "<group>";
		};
		7F82A09C2C67E889004A1DA9 /* Data */ = {
			isa = PBXGroup;
			children = (
				7F82A09E2C67E8C4004A1DA9 /* Repository */,
				7F82A09D2C67E8B4004A1DA9 /* Model */,
			);
			path = Data;
			sourceTree = "<group>";
		};
		7F82A09D2C67E8B4004A1DA9 /* Model */ = {
			isa = PBXGroup;
			children = (
				7FDAD5B02C5E6EEC0091C55F /* MealCategoryModel.swift */,
			);
			path = Model;
			sourceTree = "<group>";
		};
		7F82A09E2C67E8C4004A1DA9 /* Repository */ = {
			isa = PBXGroup;
			children = (
				7F82A0982C67E862004A1DA9 /* MealCategoryRepoImpl.swift */,
			);
			path = Repository;
			sourceTree = "<group>";
		};
		7F82A09F2C67E8D4004A1DA9 /* Interfaces */ = {
			isa = PBXGroup;
			children = (
				7F3353972C64F432009B3D70 /* MealCategoryRepo.swift */,
			);
			path = Interfaces;
			sourceTree = "<group>";
		};
		7F82A0A02C67E8EA004A1DA9 /* Presentation */ = {
			isa = PBXGroup;
			children = (
				7FDAD5AC2C5E66BB0091C55F /* CategoryRowView.swift */,
				7FDAD5AE2C5E6A170091C55F /* CategoryListScreen.swift */,
				7FF977CD2C6006760062B1F2 /* MealCategoryViewModel.swift */,
			);
			path = Presentation;
			sourceTree = "<group>";
		};
		7F82A0A12C67E8FF004A1DA9 /* Application */ = {
			isa = PBXGroup;
			children = (
				7FDAD59C2C5E65FE0091C55F /* NiceMealsApp.swift */,
				7FDAD59E2C5E65FE0091C55F /* ContentView.swift */,
				7FDAD5A02C5E65FE0091C55F /* Item.swift */,
			);
			path = Application;
			sourceTree = "<group>";
		};
		7F82A0A22C67E912004A1DA9 /* Utilities */ = {
			isa = PBXGroup;
			children = (
				7F1F2FD62C7660FA00EF957C /* MealRecipeModel.swift */,
				7FFA97952CDF8D9A00D18374 /* Constants.swift */,
				7F4318062CDE42B30025493B /* ImageDownloader.swift */,
				7F0276872C9C5F4800A6F792 /* Color.swift */,
				7FDAD5A22C5E65FF0091C55F /* Assets.xcassets */,
			);
			path = Utilities;
			sourceTree = "<group>";
		};
		7F82A0A32C67E930004A1DA9 /* Network */ = {
			isa = PBXGroup;
			children = (
				7F63936E2C6145AC00947A52 /* ApiError.swift */,
				7FDAD5B22C5E70570091C55F /* NetworkServiceImpl.swift */,
				7F82A0A42C67E95F004A1DA9 /* NetworkServiceRepo.swift */,
			);
			path = Network;
			sourceTree = "<group>";
		};
		7F82A0A62C67E97D004A1DA9 /* Features */ = {
			isa = PBXGroup;
			children = (
				7F82E1532C6D310A0030A346 /* MealByCategory */,
				7F82A0A72C67E989004A1DA9 /* MealsCategoryList */,
				7F82A0A82C67E9DA004A1DA9 /* RecipeDetail */,
			);
			path = Features;
			sourceTree = "<group>";
		};
		7F82A0A72C67E989004A1DA9 /* MealsCategoryList */ = {
			isa = PBXGroup;
			children = (
				7F82A0A02C67E8EA004A1DA9 /* Presentation */,
				7F82A09B2C67E87B004A1DA9 /* Domain */,
				7F82A09C2C67E889004A1DA9 /* Data */,
			);
			path = MealsCategoryList;
			sourceTree = "<group>";
		};
		7F82A0A82C67E9DA004A1DA9 /* RecipeDetail */ = {
			isa = PBXGroup;
			children = (
				7F099BFC2CE380AA004B392F /* Presentation */,
			);
			path = RecipeDetail;
			sourceTree = "<group>";
		};
		7F82E1532C6D310A0030A346 /* MealByCategory */ = {
			isa = PBXGroup;
			children = (
				7F0276892C9C608A00A6F792 /* Presentation */,
				7F02768A2C9C609300A6F792 /* Domain */,
				7F02768B2C9C609C00A6F792 /* Data */,
			);
			path = MealByCategory;
			sourceTree = "<group>";
		};
		7FDAD5902C5E65FE0091C55F = {
			isa = PBXGroup;
			children = (
				7FDAD59B2C5E65FE0091C55F /* NiceMeals */,
				7FDAD59A2C5E65FE0091C55F /* Products */,
			);
			sourceTree = "<group>";
		};
		7FDAD59A2C5E65FE0091C55F /* Products */ = {
			isa = PBXGroup;
			children = (
				7FDAD5992C5E65FE0091C55F /* NiceMeals.app */,
			);
			name = Products;
			sourceTree = "<group>";
		};
		7FDAD59B2C5E65FE0091C55F /* NiceMeals */ = {
			isa = PBXGroup;
			children = (
				7F82A0A12C67E8FF004A1DA9 /* Application */,
				7F82A0A62C67E97D004A1DA9 /* Features */,
				7F82A0A22C67E912004A1DA9 /* Utilities */,
				7FDAD5A42C5E65FF0091C55F /* Preview Content */,
				7F82A0A32C67E930004A1DA9 /* Network */,
			);
			path = NiceMeals;
			sourceTree = "<group>";
		};
		7FDAD5A42C5E65FF0091C55F /* Preview Content */ = {
			isa = PBXGroup;
			children = (
				7FDAD5A52C5E65FF0091C55F /* Preview Assets.xcassets */,
			);
			path = "Preview Content";
			sourceTree = "<group>";
		};
/* End PBXGroup section */

/* Begin PBXNativeTarget section */
		7FDAD5982C5E65FE0091C55F /* NiceMeals */ = {
			isa = PBXNativeTarget;
			buildConfigurationList = 7FDAD5A92C5E65FF0091C55F /* Build configuration list for PBXNativeTarget "NiceMeals" */;
			buildPhases = (
				7FDAD5952C5E65FE0091C55F /* Sources */,
				7FDAD5962C5E65FE0091C55F /* Frameworks */,
				7FDAD5972C5E65FE0091C55F /* Resources */,
			);
			buildRules = (
			);
			dependencies = (
			);
			name = NiceMeals;
			productName = NiceMeals;
			productReference = 7FDAD5992C5E65FE0091C55F /* NiceMeals.app */;
			productType = "com.apple.product-type.application";
		};
/* End PBXNativeTarget section */

/* Begin PBXProject section */
		7FDAD5912C5E65FE0091C55F /* Project object */ = {
			isa = PBXProject;
			attributes = {
				BuildIndependentTargetsInParallel = 1;
				LastSwiftUpdateCheck = 1540;
				LastUpgradeCheck = 1540;
				TargetAttributes = {
					7FDAD5982C5E65FE0091C55F = {
						CreatedOnToolsVersion = 15.4;
					};
				};
			};
			buildConfigurationList = 7FDAD5942C5E65FE0091C55F /* Build configuration list for PBXProject "NiceMeals" */;
			compatibilityVersion = "Xcode 14.0";
			developmentRegion = en;
			hasScannedForEncodings = 0;
			knownRegions = (
				en,
				Base,
			);
			mainGroup = 7FDAD5902C5E65FE0091C55F;
			productRefGroup = 7FDAD59A2C5E65FE0091C55F /* Products */;
			projectDirPath = "";
			projectRoot = "";
			targets = (
				7FDAD5982C5E65FE0091C55F /* NiceMeals */,
			);
		};
/* End PBXProject section */

/* Begin PBXResourcesBuildPhase section */
		7FDAD5972C5E65FE0091C55F /* Resources */ = {
			isa = PBXResourcesBuildPhase;
			buildActionMask = 2147483647;
			files = (
				7FDAD5A62C5E65FF0091C55F /* Preview Assets.xcassets in Resources */,
				7FDAD5A32C5E65FF0091C55F /* Assets.xcassets in Resources */,
			);
			runOnlyForDeploymentPostprocessing = 0;
		};
/* End PBXResourcesBuildPhase section */

/* Begin PBXSourcesBuildPhase section */
		7FDAD5952C5E65FE0091C55F /* Sources */ = {
			isa = PBXSourcesBuildPhase;
			buildActionMask = 2147483647;
			files = (
				7FDAD59F2C5E65FE0091C55F /* ContentView.swift in Sources */,
				7F1F2FDB2C76625D00EF957C /* MealsByCategoryRepo.swift in Sources */,
				7F4318072CDE42B30025493B /* ImageDownloader.swift in Sources */,
				7F421B8B2CA1A417003F2C82 /* IngredientsView.swift in Sources */,
				7F0276882C9C5F4800A6F792 /* Color.swift in Sources */,
				7FDAD5AD2C5E66BB0091C55F /* CategoryRowView.swift in Sources */,
				7F0B94B12CA2F81200825646 /* RecipeSourceView.swift in Sources */,
				7F3353982C64F432009B3D70 /* MealCategoryRepo.swift in Sources */,
				7FDAD5B12C5E6EEC0091C55F /* MealCategoryModel.swift in Sources */,
				7F82A0A52C67E95F004A1DA9 /* NetworkServiceRepo.swift in Sources */,
				7FDAD5A12C5E65FE0091C55F /* Item.swift in Sources */,
				7F4FCB3A2C6548E300FC3551 /* FetchMealsUseCase.swift in Sources */,
				7F1F2FDD2C76644B00EF957C /* MealByCategoryViewModel.swift in Sources */,
				7F1F2FD92C7661AE00EF957C /* FetchMealsByCatUseCase.swift in Sources */,
				7F82E1572C6D32F20030A346 /* MealsGridScreen.swift in Sources */,
				7F421B892CA1A09B003F2C82 /* RecipeDetailScreen.swift in Sources */,
				7FDAD5B32C5E70570091C55F /* NetworkServiceImpl.swift in Sources */,
				7F63936F2C6145AC00947A52 /* ApiError.swift in Sources */,
				7F1F2FD72C7660FA00EF957C /* MealRecipeModel.swift in Sources */,
				7F4FCB3C2C6548F500FC3551 /* FetchMealsUseCaseImp.swift in Sources */,
				7FDAD59D2C5E65FE0091C55F /* NiceMealsApp.swift in Sources */,
				7F82A0992C67E862004A1DA9 /* MealCategoryRepoImpl.swift in Sources */,
				7FDAD5AF2C5E6A170091C55F /* CategoryListScreen.swift in Sources */,
				7F82E1552C6D325B0030A346 /* MealColumnView.swift in Sources */,
				7F0B94AF2CA2F31100825646 /* DirectionsView.swift in Sources */,
				7FF977CE2C6006760062B1F2 /* MealCategoryViewModel.swift in Sources */,
				7FFA97962CDF8D9A00D18374 /* Constants.swift in Sources */,
			);
			runOnlyForDeploymentPostprocessing = 0;
		};
/* End PBXSourcesBuildPhase section */

/* Begin XCBuildConfiguration section */
		7FDAD5A72C5E65FF0091C55F /* Debug */ = {
			isa = XCBuildConfiguration;
			buildSettings = {
				ALWAYS_SEARCH_USER_PATHS = NO;
				ASSETCATALOG_COMPILER_GENERATE_SWIFT_ASSET_SYMBOL_EXTENSIONS = YES;
				CLANG_ANALYZER_NONNULL = YES;
				CLANG_ANALYZER_NUMBER_OBJECT_CONVERSION = YES_AGGRESSIVE;
				CLANG_CXX_LANGUAGE_STANDARD = "gnu++20";
				CLANG_ENABLE_MODULES = YES;
				CLANG_ENABLE_OBJC_ARC = YES;
				CLANG_ENABLE_OBJC_WEAK = YES;
				CLANG_WARN_BLOCK_CAPTURE_AUTORELEASING = YES;
				CLANG_WARN_BOOL_CONVERSION = YES;
				CLANG_WARN_COMMA = YES;
				CLANG_WARN_CONSTANT_CONVERSION = YES;
				CLANG_WARN_DEPRECATED_OBJC_IMPLEMENTATIONS = YES;
				CLANG_WARN_DIRECT_OBJC_ISA_USAGE = YES_ERROR;
				CLANG_WARN_DOCUMENTATION_COMMENTS = YES;
				CLANG_WARN_EMPTY_BODY = YES;
				CLANG_WARN_ENUM_CONVERSION = YES;
				CLANG_WARN_INFINITE_RECURSION = YES;
				CLANG_WARN_INT_CONVERSION = YES;
				CLANG_WARN_NON_LITERAL_NULL_CONVERSION = YES;
				CLANG_WARN_OBJC_IMPLICIT_RETAIN_SELF = YES;
				CLANG_WARN_OBJC_LITERAL_CONVERSION = YES;
				CLANG_WARN_OBJC_ROOT_CLASS = YES_ERROR;
				CLANG_WARN_QUOTED_INCLUDE_IN_FRAMEWORK_HEADER = YES;
				CLANG_WARN_RANGE_LOOP_ANALYSIS = YES;
				CLANG_WARN_STRICT_PROTOTYPES = YES;
				CLANG_WARN_SUSPICIOUS_MOVE = YES;
				CLANG_WARN_UNGUARDED_AVAILABILITY = YES_AGGRESSIVE;
				CLANG_WARN_UNREACHABLE_CODE = YES;
				CLANG_WARN__DUPLICATE_METHOD_MATCH = YES;
				COPY_PHASE_STRIP = NO;
				DEBUG_INFORMATION_FORMAT = dwarf;
				ENABLE_STRICT_OBJC_MSGSEND = YES;
				ENABLE_TESTABILITY = YES;
				ENABLE_USER_SCRIPT_SANDBOXING = YES;
				GCC_C_LANGUAGE_STANDARD = gnu17;
				GCC_DYNAMIC_NO_PIC = NO;
				GCC_NO_COMMON_BLOCKS = YES;
				GCC_OPTIMIZATION_LEVEL = 0;
				GCC_PREPROCESSOR_DEFINITIONS = (
					"DEBUG=1",
					"$(inherited)",
				);
				GCC_WARN_64_TO_32_BIT_CONVERSION = YES;
				GCC_WARN_ABOUT_RETURN_TYPE = YES_ERROR;
				GCC_WARN_UNDECLARED_SELECTOR = YES;
				GCC_WARN_UNINITIALIZED_AUTOS = YES_AGGRESSIVE;
				GCC_WARN_UNUSED_FUNCTION = YES;
				GCC_WARN_UNUSED_VARIABLE = YES;
				IPHONEOS_DEPLOYMENT_TARGET = 17.5;
				LOCALIZATION_PREFERS_STRING_CATALOGS = YES;
				MTL_ENABLE_DEBUG_INFO = INCLUDE_SOURCE;
				MTL_FAST_MATH = YES;
				ONLY_ACTIVE_ARCH = YES;
				SDKROOT = iphoneos;
				SWIFT_ACTIVE_COMPILATION_CONDITIONS = "DEBUG $(inherited)";
				SWIFT_OPTIMIZATION_LEVEL = "-Onone";
			};
			name = Debug;
		};
		7FDAD5A82C5E65FF0091C55F /* Release */ = {
			isa = XCBuildConfiguration;
			buildSettings = {
				ALWAYS_SEARCH_USER_PATHS = NO;
				ASSETCATALOG_COMPILER_GENERATE_SWIFT_ASSET_SYMBOL_EXTENSIONS = YES;
				CLANG_ANALYZER_NONNULL = YES;
				CLANG_ANALYZER_NUMBER_OBJECT_CONVERSION = YES_AGGRESSIVE;
				CLANG_CXX_LANGUAGE_STANDARD = "gnu++20";
				CLANG_ENABLE_MODULES = YES;
				CLANG_ENABLE_OBJC_ARC = YES;
				CLANG_ENABLE_OBJC_WEAK = YES;
				CLANG_WARN_BLOCK_CAPTURE_AUTORELEASING = YES;
				CLANG_WARN_BOOL_CONVERSION = YES;
				CLANG_WARN_COMMA = YES;
				CLANG_WARN_CONSTANT_CONVERSION = YES;
				CLANG_WARN_DEPRECATED_OBJC_IMPLEMENTATIONS = YES;
				CLANG_WARN_DIRECT_OBJC_ISA_USAGE = YES_ERROR;
				CLANG_WARN_DOCUMENTATION_COMMENTS = YES;
				CLANG_WARN_EMPTY_BODY = YES;
				CLANG_WARN_ENUM_CONVERSION = YES;
				CLANG_WARN_INFINITE_RECURSION = YES;
				CLANG_WARN_INT_CONVERSION = YES;
				CLANG_WARN_NON_LITERAL_NULL_CONVERSION = YES;
				CLANG_WARN_OBJC_IMPLICIT_RETAIN_SELF = YES;
				CLANG_WARN_OBJC_LITERAL_CONVERSION = YES;
				CLANG_WARN_OBJC_ROOT_CLASS = YES_ERROR;
				CLANG_WARN_QUOTED_INCLUDE_IN_FRAMEWORK_HEADER = YES;
				CLANG_WARN_RANGE_LOOP_ANALYSIS = YES;
				CLANG_WARN_STRICT_PROTOTYPES = YES;
				CLANG_WARN_SUSPICIOUS_MOVE = YES;
				CLANG_WARN_UNGUARDED_AVAILABILITY = YES_AGGRESSIVE;
				CLANG_WARN_UNREACHABLE_CODE = YES;
				CLANG_WARN__DUPLICATE_METHOD_MATCH = YES;
				COPY_PHASE_STRIP = NO;
				DEBUG_INFORMATION_FORMAT = "dwarf-with-dsym";
				ENABLE_NS_ASSERTIONS = NO;
				ENABLE_STRICT_OBJC_MSGSEND = YES;
				ENABLE_USER_SCRIPT_SANDBOXING = YES;
				GCC_C_LANGUAGE_STANDARD = gnu17;
				GCC_NO_COMMON_BLOCKS = YES;
				GCC_WARN_64_TO_32_BIT_CONVERSION = YES;
				GCC_WARN_ABOUT_RETURN_TYPE = YES_ERROR;
				GCC_WARN_UNDECLARED_SELECTOR = YES;
				GCC_WARN_UNINITIALIZED_AUTOS = YES_AGGRESSIVE;
				GCC_WARN_UNUSED_FUNCTION = YES;
				GCC_WARN_UNUSED_VARIABLE = YES;
				IPHONEOS_DEPLOYMENT_TARGET = 17.5;
				LOCALIZATION_PREFERS_STRING_CATALOGS = YES;
				MTL_ENABLE_DEBUG_INFO = NO;
				MTL_FAST_MATH = YES;
				SDKROOT = iphoneos;
				SWIFT_COMPILATION_MODE = wholemodule;
				VALIDATE_PRODUCT = YES;
			};
			name = Release;
		};
		7FDAD5AA2C5E65FF0091C55F /* Debug */ = {
			isa = XCBuildConfiguration;
			buildSettings = {
				ASSETCATALOG_COMPILER_APPICON_NAME = AppIcon;
				ASSETCATALOG_COMPILER_GLOBAL_ACCENT_COLOR_NAME = AccentColor;
				CODE_SIGN_STYLE = Automatic;
				CURRENT_PROJECT_VERSION = 1;
				DEVELOPMENT_ASSET_PATHS = "\"NiceMeals/Preview Content\"";
				DEVELOPMENT_TEAM = Z4P2SA89UW;
				ENABLE_PREVIEWS = YES;
				GENERATE_INFOPLIST_FILE = YES;
				INFOPLIST_KEY_UIApplicationSceneManifest_Generation = YES;
				INFOPLIST_KEY_UIApplicationSupportsIndirectInputEvents = YES;
				INFOPLIST_KEY_UILaunchScreen_Generation = YES;
				INFOPLIST_KEY_UISupportedInterfaceOrientations_iPad = "UIInterfaceOrientationPortrait UIInterfaceOrientationPortraitUpsideDown UIInterfaceOrientationLandscapeLeft UIInterfaceOrientationLandscapeRight";
				INFOPLIST_KEY_UISupportedInterfaceOrientations_iPhone = "UIInterfaceOrientationPortrait UIInterfaceOrientationLandscapeLeft UIInterfaceOrientationLandscapeRight";
				IPHONEOS_DEPLOYMENT_TARGET = 17.0;
				LD_RUNPATH_SEARCH_PATHS = (
					"$(inherited)",
					"@executable_path/Frameworks",
				);
				MARKETING_VERSION = 1.0;
				PRODUCT_BUNDLE_IDENTIFIER = com.prabh.NiceMeals;
				PRODUCT_NAME = "$(TARGET_NAME)";
				SWIFT_EMIT_LOC_STRINGS = YES;
				SWIFT_VERSION = 5.0;
				TARGETED_DEVICE_FAMILY = "1,2";
			};
			name = Debug;
		};
		7FDAD5AB2C5E65FF0091C55F /* Release */ = {
			isa = XCBuildConfiguration;
			buildSettings = {
				ASSETCATALOG_COMPILER_APPICON_NAME = AppIcon;
				ASSETCATALOG_COMPILER_GLOBAL_ACCENT_COLOR_NAME = AccentColor;
				CODE_SIGN_STYLE = Automatic;
				CURRENT_PROJECT_VERSION = 1;
				DEVELOPMENT_ASSET_PATHS = "\"NiceMeals/Preview Content\"";
				DEVELOPMENT_TEAM = Z4P2SA89UW;
				ENABLE_PREVIEWS = YES;
				GENERATE_INFOPLIST_FILE = YES;
				INFOPLIST_KEY_UIApplicationSceneManifest_Generation = YES;
				INFOPLIST_KEY_UIApplicationSupportsIndirectInputEvents = YES;
				INFOPLIST_KEY_UILaunchScreen_Generation = YES;
				INFOPLIST_KEY_UISupportedInterfaceOrientations_iPad = "UIInterfaceOrientationPortrait UIInterfaceOrientationPortraitUpsideDown UIInterfaceOrientationLandscapeLeft UIInterfaceOrientationLandscapeRight";
				INFOPLIST_KEY_UISupportedInterfaceOrientations_iPhone = "UIInterfaceOrientationPortrait UIInterfaceOrientationLandscapeLeft UIInterfaceOrientationLandscapeRight";
				IPHONEOS_DEPLOYMENT_TARGET = 17.0;
				LD_RUNPATH_SEARCH_PATHS = (
					"$(inherited)",
					"@executable_path/Frameworks",
				);
				MARKETING_VERSION = 1.0;
				PRODUCT_BUNDLE_IDENTIFIER = com.prabh.NiceMeals;
				PRODUCT_NAME = "$(TARGET_NAME)";
				SWIFT_EMIT_LOC_STRINGS = YES;
				SWIFT_VERSION = 5.0;
				TARGETED_DEVICE_FAMILY = "1,2";
			};
			name = Release;
		};
/* End XCBuildConfiguration section */

/* Begin XCConfigurationList section */
		7FDAD5942C5E65FE0091C55F /* Build configuration list for PBXProject "NiceMeals" */ = {
			isa = XCConfigurationList;
			buildConfigurations = (
				7FDAD5A72C5E65FF0091C55F /* Debug */,
				7FDAD5A82C5E65FF0091C55F /* Release */,
			);
			defaultConfigurationIsVisible = 0;
			defaultConfigurationName = Release;
		};
		7FDAD5A92C5E65FF0091C55F /* Build configuration list for PBXNativeTarget "NiceMeals" */ = {
			isa = XCConfigurationList;
			buildConfigurations = (
				7FDAD5AA2C5E65FF0091C55F /* Debug */,
				7FDAD5AB2C5E65FF0091C55F /* Release */,
			);
			defaultConfigurationIsVisible = 0;
			defaultConfigurationName = Release;
		};
/* End XCConfigurationList section */
	};
	rootObject = 7FDAD5912C5E65FE0091C55F /* Project object */;
}
